
Microsoft Visual Studio Solution File, Format Version 12.00
# Visual Studio Version 17
VisualStudioVersion = 17.8.34316.72
MinimumVisualStudioVersion = 10.0.40219.1
Project("{FAE04EC0-301F-11D3-BF4B-00C04F79EFBC}") = "ApiDockerMicro1", "ApiDockerMicro1\ApiDockerMicro1.csproj", "{1CF72D94-66AB-40D1-8367-A91420CD3A26}"
EndProject
Global
	GlobalSection(SolutionConfigurationPlatforms) = preSolution
		Debug|Any CPU = Debug|Any CPU
		Release|Any CPU = Release|Any CPU
	EndGlobalSection
	GlobalSection(ProjectConfigurationPlatforms) = postSolution
		{1CF72D94-66AB-40D1-8367-A91420CD3A26}.Debug|Any CPU.ActiveCfg = Debug|Any CPU
		{1CF72D94-66AB-40D1-8367-A91420CD3A26}.Debug|Any CPU.Build.0 = Debug|Any CPU
		{1CF72D94-66AB-40D1-8367-A91420CD3A26}.Release|Any CPU.ActiveCfg = Release|Any CPU
		{1CF72D94-66AB-40D1-8367-A91420CD3A26}.Release|Any CPU.Build.0 = Release|Any CPU
	EndGlobalSection
	GlobalSection(SolutionProperties) = preSolution
		HideSolutionNode = FALSE
	EndGlobalSection
	GlobalSection(ExtensibilityGlobals) = postSolution
		SolutionGuid = {4D4BCE51-6022-44BB-8E7D-39E92EE0938D}
	EndGlobalSection
EndGlobal
